
Microsoft Visual Studio Solution File, Format Version 12.00
# Visual Studio Version 17
VisualStudioVersion = 17.5.33530.505
MinimumVisualStudioVersion = 10.0.40219.1
Project("{FAE04EC0-301F-11D3-BF4B-00C04F79EFBC}") = "hasznaltufo", "hasznaltufo.csproj", "{07AEC7D6-25EA-4376-A363-A2E6001A8A8F}"
EndProject
Global
	GlobalSection(SolutionConfigurationPlatforms) = preSolution
		Debug|Any CPU = Debug|Any CPU
		Release|Any CPU = Release|Any CPU
	EndGlobalSection
	GlobalSection(ProjectConfigurationPlatforms) = postSolution
		{07AEC7D6-25EA-4376-A363-A2E6001A8A8F}.Debug|Any CPU.ActiveCfg = Debug|Any CPU
		{07AEC7D6-25EA-4376-A363-A2E6001A8A8F}.Debug|Any CPU.Build.0 = Debug|Any CPU
		{07AEC7D6-25EA-4376-A363-A2E6001A8A8F}.Release|Any CPU.ActiveCfg = Release|Any CPU
		{07AEC7D6-25EA-4376-A363-A2E6001A8A8F}.Release|Any CPU.Build.0 = Release|Any CPU
	EndGlobalSection
	GlobalSection(SolutionProperties) = preSolution
		HideSolutionNode = FALSE
	EndGlobalSection
	GlobalSection(ExtensibilityGlobals) = postSolution
		SolutionGuid = {751E6927-7EC5-47EE-A00F-A45926FBAC03}
	EndGlobalSection
EndGlobal
